// !$*UTF8*$!
{
	archiveVersion = 1;
	classes = {
	};
	objectVersion = 50;
	objects = {

/* Begin PBXBuildFile section */
		181F0FE42271CBC3004CCA07 /* AppDelegate.swift in Sources */ = {isa = PBXBuildFile; fileRef = 181F0FE32271CBC3004CCA07 /* AppDelegate.swift */; };
		181F0FE62271CBC3004CCA07 /* ViewController.swift in Sources */ = {isa = PBXBuildFile; fileRef = 181F0FE52271CBC3004CCA07 /* ViewController.swift */; };
		181F0FE92271CBC3004CCA07 /* Main.storyboard in Resources */ = {isa = PBXBuildFile; fileRef = 181F0FE72271CBC3004CCA07 /* Main.storyboard */; };
		181F0FEB2271CBC4004CCA07 /* Assets.xcassets in Resources */ = {isa = PBXBuildFile; fileRef = 181F0FEA2271CBC4004CCA07 /* Assets.xcassets */; };
		181F0FEE2271CBC4004CCA07 /* LaunchScreen.storyboard in Resources */ = {isa = PBXBuildFile; fileRef = 181F0FEC2271CBC4004CCA07 /* LaunchScreen.storyboard */; };
		181F0FF62271DA11004CCA07 /* MenuListTableView.swift in Sources */ = {isa = PBXBuildFile; fileRef = 181F0FF52271DA11004CCA07 /* MenuListTableView.swift */; };
		181F0FF82271DA27004CCA07 /* RecommendedListCollectionView.swift in Sources */ = {isa = PBXBuildFile; fileRef = 181F0FF72271DA27004CCA07 /* RecommendedListCollectionView.swift */; };
		181F0FFA2271DA50004CCA07 /* RecommendedDishCell.swift in Sources */ = {isa = PBXBuildFile; fileRef = 181F0FF92271DA50004CCA07 /* RecommendedDishCell.swift */; };
		181F0FFC2271DA85004CCA07 /* DishCell.swift in Sources */ = {isa = PBXBuildFile; fileRef = 181F0FFB2271DA85004CCA07 /* DishCell.swift */; };
		181F0FFE2271DCA8004CCA07 /* RecommendedTableViewCell.swift in Sources */ = {isa = PBXBuildFile; fileRef = 181F0FFD2271DCA8004CCA07 /* RecommendedTableViewCell.swift */; };
/* End PBXBuildFile section */

/* Begin PBXFileReference section */
		181F0FE02271CBC3004CCA07 /* AppsmallRestaurant.app */ = {isa = PBXFileReference; explicitFileType = wrapper.application; includeInIndex = 0; path = AppsmallRestaurant.app; sourceTree = BUILT_PRODUCTS_DIR; };
		181F0FE32271CBC3004CCA07 /* AppDelegate.swift */ = {isa = PBXFileReference; lastKnownFileType = sourcecode.swift; path = AppDelegate.swift; sourceTree = "<group>"; };
		181F0FE52271CBC3004CCA07 /* ViewController.swift */ = {isa = PBXFileReference; lastKnownFileType = sourcecode.swift; path = ViewController.swift; sourceTree = "<group>"; };
		181F0FE82271CBC3004CCA07 /* Base */ = {isa = PBXFileReference; lastKnownFileType = file.storyboard; name = Base; path = Base.lproj/Main.storyboard; sourceTree = "<group>"; };
		181F0FEA2271CBC4004CCA07 /* Assets.xcassets */ = {isa = PBXFileReference; lastKnownFileType = folder.assetcatalog; path = Assets.xcassets; sourceTree = "<group>"; };
		181F0FED2271CBC4004CCA07 /* Base */ = {isa = PBXFileReference; lastKnownFileType = file.storyboard; name = Base; path = Base.lproj/LaunchScreen.storyboard; sourceTree = "<group>"; };
		181F0FEF2271CBC4004CCA07 /* Info.plist */ = {isa = PBXFileReference; lastKnownFileType = text.plist.xml; path = Info.plist; sourceTree = "<group>"; };
		181F0FF52271DA11004CCA07 /* MenuListTableView.swift */ = {isa = PBXFileReference; lastKnownFileType = sourcecode.swift; path = MenuListTableView.swift; sourceTree = "<group>"; };
		181F0FF72271DA27004CCA07 /* RecommendedListCollectionView.swift */ = {isa = PBXFileReference; lastKnownFileType = sourcecode.swift; path = RecommendedListCollectionView.swift; sourceTree = "<group>"; };
		181F0FF92271DA50004CCA07 /* RecommendedDishCell.swift */ = {isa = PBXFileReference; lastKnownFileType = sourcecode.swift; path = RecommendedDishCell.swift; sourceTree = "<group>"; };
		181F0FFB2271DA85004CCA07 /* DishCell.swift */ = {isa = PBXFileReference; lastKnownFileType = sourcecode.swift; path = DishCell.swift; sourceTree = "<group>"; };
		181F0FFD2271DCA8004CCA07 /* RecommendedTableViewCell.swift */ = {isa = PBXFileReference; lastKnownFileType = sourcecode.swift; path = RecommendedTableViewCell.swift; sourceTree = "<group>"; };
		182184742273083F00D8CAF6 /* AppsmallRestaurant.entitlements */ = {isa = PBXFileReference; lastKnownFileType = text.plist.entitlements; path = AppsmallRestaurant.entitlements; sourceTree = "<group>"; };
/* End PBXFileReference section */

/* Begin PBXFrameworksBuildPhase section */
		181F0FDD2271CBC3004CCA07 /* Frameworks */ = {
			isa = PBXFrameworksBuildPhase;
			buildActionMask = 2147483647;
			files = (
			);
			runOnlyForDeploymentPostprocessing = 0;
		};
/* End PBXFrameworksBuildPhase section */

/* Begin PBXGroup section */
		181F0FD72271CBC3004CCA07 = {
			isa = PBXGroup;
			children = (
				181F0FE22271CBC3004CCA07 /* AppsmallRestaurant */,
				181F0FE12271CBC3004CCA07 /* Products */,
			);
			sourceTree = "<group>";
		};
		181F0FE12271CBC3004CCA07 /* Products */ = {
			isa = PBXGroup;
			children = (
				181F0FE02271CBC3004CCA07 /* AppsmallRestaurant.app */,
			);
			name = Products;
			sourceTree = "<group>";
		};
		181F0FE22271CBC3004CCA07 /* AppsmallRestaurant */ = {
			isa = PBXGroup;
			children = (
				182184742273083F00D8CAF6 /* AppsmallRestaurant.entitlements */,
				181F0FE32271CBC3004CCA07 /* AppDelegate.swift */,
				181F0FE52271CBC3004CCA07 /* ViewController.swift */,
				181F0FE72271CBC3004CCA07 /* Main.storyboard */,
				181F0FEA2271CBC4004CCA07 /* Assets.xcassets */,
				181F0FEC2271CBC4004CCA07 /* LaunchScreen.storyboard */,
				181F0FEF2271CBC4004CCA07 /* Info.plist */,
				181F0FF52271DA11004CCA07 /* MenuListTableView.swift */,
				181F0FF72271DA27004CCA07 /* RecommendedListCollectionView.swift */,
				181F0FF92271DA50004CCA07 /* RecommendedDishCell.swift */,
				181F0FFB2271DA85004CCA07 /* DishCell.swift */,
				181F0FFD2271DCA8004CCA07 /* RecommendedTableViewCell.swift */,
			);
			path = AppsmallRestaurant;
			sourceTree = "<group>";
		};
/* End PBXGroup section */

/* Begin PBXNativeTarget section */
		181F0FDF2271CBC3004CCA07 /* AppsmallRestaurant */ = {
			isa = PBXNativeTarget;
			buildConfigurationList = 181F0FF22271CBC4004CCA07 /* Build configuration list for PBXNativeTarget "AppsmallRestaurant" */;
			buildPhases = (
				181F0FDC2271CBC3004CCA07 /* Sources */,
				181F0FDD2271CBC3004CCA07 /* Frameworks */,
				181F0FDE2271CBC3004CCA07 /* Resources */,
			);
			buildRules = (
			);
			dependencies = (
			);
			name = AppsmallRestaurant;
			productName = AppsmallRestaurant;
			productReference = 181F0FE02271CBC3004CCA07 /* AppsmallRestaurant.app */;
			productType = "com.apple.product-type.application";
		};
/* End PBXNativeTarget section */

/* Begin PBXProject section */
		181F0FD82271CBC3004CCA07 /* Project object */ = {
			isa = PBXProject;
			attributes = {
				LastSwiftUpdateCheck = 1020;
				LastUpgradeCheck = 1020;
				ORGANIZATIONNAME = appsmall;
				TargetAttributes = {
					181F0FDF2271CBC3004CCA07 = {
						CreatedOnToolsVersion = 10.2;
						SystemCapabilities = {
							com.apple.Siri = {
								enabled = 0;
							};
						};
					};
				};
			};
			buildConfigurationList = 181F0FDB2271CBC3004CCA07 /* Build configuration list for PBXProject "AppsmallRestaurant" */;
			compatibilityVersion = "Xcode 9.3";
			developmentRegion = en;
			hasScannedForEncodings = 0;
			knownRegions = (
				en,
				Base,
			);
			mainGroup = 181F0FD72271CBC3004CCA07;
			productRefGroup = 181F0FE12271CBC3004CCA07 /* Products */;
			projectDirPath = "";
			projectRoot = "";
			targets = (
				181F0FDF2271CBC3004CCA07 /* AppsmallRestaurant */,
			);
		};
/* End PBXProject section */

/* Begin PBXResourcesBuildPhase section */
		181F0FDE2271CBC3004CCA07 /* Resources */ = {
			isa = PBXResourcesBuildPhase;
			buildActionMask = 2147483647;
			files = (
				181F0FEE2271CBC4004CCA07 /* LaunchScreen.storyboard in Resources */,
				181F0FEB2271CBC4004CCA07 /* Assets.xcassets in Resources */,
				181F0FE92271CBC3004CCA07 /* Main.storyboard in Resources */,
			);
			runOnlyForDeploymentPostprocessing = 0;
		};
/* End PBXResourcesBuildPhase section */

/* Begin PBXSourcesBuildPhase section */
		181F0FDC2271CBC3004CCA07 /* Sources */ = {
			isa = PBXSourcesBuildPhase;
			buildActionMask = 2147483647;
			files = (
				181F0FF82271DA27004CCA07 /* RecommendedListCollectionView.swift in Sources */,
				181F0FE62271CBC3004CCA07 /* ViewController.swift in Sources */,
				181F0FF62271DA11004CCA07 /* MenuListTableView.swift in Sources */,
				181F0FFE2271DCA8004CCA07 /* RecommendedTableViewCell.swift in Sources */,
				181F0FFC2271DA85004CCA07 /* DishCell.swift in Sources */,
				181F0FE42271CBC3004CCA07 /* AppDelegate.swift in Sources */,
				181F0FFA2271DA50004CCA07 /* RecommendedDishCell.swift in Sources */,
			);
			runOnlyForDeploymentPostprocessing = 0;
		};
/* End PBXSourcesBuildPhase section */

/* Begin PBXVariantGroup section */
		181F0FE72271CBC3004CCA07 /* Main.storyboard */ = {
			isa = PBXVariantGroup;
			children = (
				181F0FE82271CBC3004CCA07 /* Base */,
			);
			name = Main.storyboard;
			sourceTree = "<group>";
		};
		181F0FEC2271CBC4004CCA07 /* LaunchScreen.storyboard */ = {
			isa = PBXVariantGroup;
			children = (
				181F0FED2271CBC4004CCA07 /* Base */,
			);
			name = LaunchScreen.storyboard;
			sourceTree = "<group>";
		};
/* End PBXVariantGroup section */

/* Begin XCBuildConfiguration section */
		181F0FF02271CBC4004CCA07 /* Debug */ = {
			isa = XCBuildConfiguration;
			buildSettings = {
				ALWAYS_SEARCH_USER_PATHS = NO;
				CLANG_ANALYZER_NONNULL = YES;
				CLANG_ANALYZER_NUMBER_OBJECT_CONVERSION = YES_AGGRESSIVE;
				CLANG_CXX_LANGUAGE_STANDARD = "gnu++14";
				CLANG_CXX_LIBRARY = "libc++";
				CLANG_ENABLE_MODULES = YES;
				CLANG_ENABLE_OBJC_ARC = YES;
				CLANG_ENABLE_OBJC_WEAK = YES;
				CLANG_WARN_BLOCK_CAPTURE_AUTORELEASING = YES;
				CLANG_WARN_BOOL_CONVERSION = YES;
				CLANG_WARN_COMMA = YES;
				CLANG_WARN_CONSTANT_CONVERSION = YES;
				CLANG_WARN_DEPRECATED_OBJC_IMPLEMENTATIONS = YES;
				CLANG_WARN_DIRECT_OBJC_ISA_USAGE = YES_ERROR;
				CLANG_WARN_DOCUMENTATION_COMMENTS = YES;
				CLANG_WARN_EMPTY_BODY = YES;
				CLANG_WARN_ENUM_CONVERSION = YES;
				CLANG_WARN_INFINITE_RECURSION = YES;
				CLANG_WARN_INT_CONVERSION = YES;
				CLANG_WARN_NON_LITERAL_NULL_CONVERSION = YES;
				CLANG_WARN_OBJC_IMPLICIT_RETAIN_SELF = YES;
				CLANG_WARN_OBJC_LITERAL_CONVERSION = YES;
				CLANG_WARN_OBJC_ROOT_CLASS = YES_ERROR;
				CLANG_WARN_RANGE_LOOP_ANALYSIS = YES;
				CLANG_WARN_STRICT_PROTOTYPES = YES;
				CLANG_WARN_SUSPICIOUS_MOVE = YES;
				CLANG_WARN_UNGUARDED_AVAILABILITY = YES_AGGRESSIVE;
				CLANG_WARN_UNREACHABLE_CODE = YES;
				CLANG_WARN__DUPLICATE_METHOD_MATCH = YES;
				CODE_SIGN_IDENTITY = "iPhone Developer";
				COPY_PHASE_STRIP = NO;
				DEBUG_INFORMATION_FORMAT = dwarf;
				ENABLE_STRICT_OBJC_MSGSEND = YES;
				ENABLE_TESTABILITY = YES;
				GCC_C_LANGUAGE_STANDARD = gnu11;
				GCC_DYNAMIC_NO_PIC = NO;
				GCC_NO_COMMON_BLOCKS = YES;
				GCC_OPTIMIZATION_LEVEL = 0;
				GCC_PREPROCESSOR_DEFINITIONS = (
					"DEBUG=1",
					"$(inherited)",
				);
				GCC_WARN_64_TO_32_BIT_CONVERSION = YES;
				GCC_WARN_ABOUT_RETURN_TYPE = YES_ERROR;
				GCC_WARN_UNDECLARED_SELECTOR = YES;
				GCC_WARN_UNINITIALIZED_AUTOS = YES_AGGRESSIVE;
				GCC_WARN_UNUSED_FUNCTION = YES;
				GCC_WARN_UNUSED_VARIABLE = YES;
				IPHONEOS_DEPLOYMENT_TARGET = 12.2;
				MTL_ENABLE_DEBUG_INFO = INCLUDE_SOURCE;
				MTL_FAST_MATH = YES;
				ONLY_ACTIVE_ARCH = YES;
				SDKROOT = iphoneos;
				SWIFT_ACTIVE_COMPILATION_CONDITIONS = DEBUG;
				SWIFT_OPTIMIZATION_LEVEL = "-Onone";
			};
			name = Debug;
		};
		181F0FF12271CBC4004CCA07 /* Release */ = {
			isa = XCBuildConfiguration;
			buildSettings = {
				ALWAYS_SEARCH_USER_PATHS = NO;
				CLANG_ANALYZER_NONNULL = YES;
				CLANG_ANALYZER_NUMBER_OBJECT_CONVERSION = YES_AGGRESSIVE;
				CLANG_CXX_LANGUAGE_STANDARD = "gnu++14";
				CLANG_CXX_LIBRARY = "libc++";
				CLANG_ENABLE_MODULES = YES;
				CLANG_ENABLE_OBJC_ARC = YES;
				CLANG_ENABLE_OBJC_WEAK = YES;
				CLANG_WARN_BLOCK_CAPTURE_AUTORELEASING = YES;
				CLANG_WARN_BOOL_CONVERSION = YES;
				CLANG_WARN_COMMA = YES;
				CLANG_WARN_CONSTANT_CONVERSION = YES;
				CLANG_WARN_DEPRECATED_OBJC_IMPLEMENTATIONS = YES;
				CLANG_WARN_DIRECT_OBJC_ISA_USAGE = YES_ERROR;
				CLANG_WARN_DOCUMENTATION_COMMENTS = YES;
				CLANG_WARN_EMPTY_BODY = YES;
				CLANG_WARN_ENUM_CONVERSION = YES;
				CLANG_WARN_INFINITE_RECURSION = YES;
				CLANG_WARN_INT_CONVERSION = YES;
				CLANG_WARN_NON_LITERAL_NULL_CONVERSION = YES;
				CLANG_WARN_OBJC_IMPLICIT_RETAIN_SELF = YES;
				CLANG_WARN_OBJC_LITERAL_CONVERSION = YES;
				CLANG_WARN_OBJC_ROOT_CLASS = YES_ERROR;
				CLANG_WARN_RANGE_LOOP_ANALYSIS = YES;
				CLANG_WARN_STRICT_PROTOTYPES = YES;
				CLANG_WARN_SUSPICIOUS_MOVE = YES;
				CLANG_WARN_UNGUARDED_AVAILABILITY = YES_AGGRESSIVE;
				CLANG_WARN_UNREACHABLE_CODE = YES;
				CLANG_WARN__DUPLICATE_METHOD_MATCH = YES;
				CODE_SIGN_IDENTITY = "iPhone Developer";
				COPY_PHASE_STRIP = NO;
				DEBUG_INFORMATION_FORMAT = "dwarf-with-dsym";
				ENABLE_NS_ASSERTIONS = NO;
				ENABLE_STRICT_OBJC_MSGSEND = YES;
				GCC_C_LANGUAGE_STANDARD = gnu11;
				GCC_NO_COMMON_BLOCKS = YES;
				GCC_WARN_64_TO_32_BIT_CONVERSION = YES;
				GCC_WARN_ABOUT_RETURN_TYPE = YES_ERROR;
				GCC_WARN_UNDECLARED_SELECTOR = YES;
				GCC_WARN_UNINITIALIZED_AUTOS = YES_AGGRESSIVE;
				GCC_WARN_UNUSED_FUNCTION = YES;
				GCC_WARN_UNUSED_VARIABLE = YES;
				IPHONEOS_DEPLOYMENT_TARGET = 12.2;
				MTL_ENABLE_DEBUG_INFO = NO;
				MTL_FAST_MATH = YES;
				SDKROOT = iphoneos;
				SWIFT_COMPILATION_MODE = wholemodule;
				SWIFT_OPTIMIZATION_LEVEL = "-O";
				VALIDATE_PRODUCT = YES;
			};
			name = Release;
		};
		181F0FF32271CBC4004CCA07 /* Debug */ = {
			isa = XCBuildConfiguration;
			buildSettings = {
				ASSETCATALOG_COMPILER_APPICON_NAME = AppIcon;
				CODE_SIGN_STYLE = Automatic;
				DEVELOPMENT_TEAM = "";
				INFOPLIST_FILE = AppsmallRestaurant/Info.plist;
				LD_RUNPATH_SEARCH_PATHS = (
					"$(inherited)",
					"@executable_path/Frameworks",
				);
				PRODUCT_BUNDLE_IDENTIFIER = com.appsmall.AppsmallRestaurant;
				PRODUCT_NAME = "$(TARGET_NAME)";
				SWIFT_VERSION = 5.0;
				TARGETED_DEVICE_FAMILY = "1,2";
			};
			name = Debug;
		};
		181F0FF42271CBC4004CCA07 /* Release */ = {
			isa = XCBuildConfiguration;
			buildSettings = {
				ASSETCATALOG_COMPILER_APPICON_NAME = AppIcon;
				CODE_SIGN_STYLE = Automatic;
				DEVELOPMENT_TEAM = "";
				INFOPLIST_FILE = AppsmallRestaurant/Info.plist;
				LD_RUNPATH_SEARCH_PATHS = (
					"$(inherited)",
					"@executable_path/Frameworks",
				);
				PRODUCT_BUNDLE_IDENTIFIER = com.appsmall.AppsmallRestaurant;
				PRODUCT_NAME = "$(TARGET_NAME)";
				SWIFT_VERSION = 5.0;
				TARGETED_DEVICE_FAMILY = "1,2";
			};
			name = Release;
		};
/* End XCBuildConfiguration section */

/* Begin XCConfigurationList section */
		181F0FDB2271CBC3004CCA07 /* Build configuration list for PBXProject "AppsmallRestaurant" */ = {
			isa = XCConfigurationList;
			buildConfigurations = (
				181F0FF02271CBC4004CCA07 /* Debug */,
				181F0FF12271CBC4004CCA07 /* Release */,
			);
			defaultConfigurationIsVisible = 0;
			defaultConfigurationName = Release;
		};
		181F0FF22271CBC4004CCA07 /* Build configuration list for PBXNativeTarget "AppsmallRestaurant" */ = {
			isa = XCConfigurationList;
			buildConfigurations = (
				181F0FF32271CBC4004CCA07 /* Debug */,
				181F0FF42271CBC4004CCA07 /* Release */,
			);
			defaultConfigurationIsVisible = 0;
			defaultConfigurationName = Release;
		};
/* End XCConfigurationList section */
	};
	rootObject = 181F0FD82271CBC3004CCA07 /* Project object */;
}
